
Microsoft Visual Studio Solution File, Format Version 12.00
# Visual Studio Version 16
VisualStudioVersion = 16.0.31410.357
MinimumVisualStudioVersion = 10.0.40219.1
Project("{FAE04EC0-301F-11D3-BF4B-00C04F79EFBC}") = "Launcher", "Launcher.csproj", "{53863C72-E398-44DC-9F64-BA10F8BA5CDF}"
EndProject
Global
	GlobalSection(SolutionConfigurationPlatforms) = preSolution
		Debug|Any CPU = Debug|Any CPU
		Release|Any CPU = Release|Any CPU
	EndGlobalSection
	GlobalSection(ProjectConfigurationPlatforms) = postSolution
		{53863C72-E398-44DC-9F64-BA10F8BA5CDF}.Debug|Any CPU.ActiveCfg = Debug|Any CPU
		{53863C72-E398-44DC-9F64-BA10F8BA5CDF}.Debug|Any CPU.Build.0 = Debug|Any CPU
		{53863C72-E398-44DC-9F64-BA10F8BA5CDF}.Release|Any CPU.ActiveCfg = Release|Any CPU
		{53863C72-E398-44DC-9F64-BA10F8BA5CDF}.Release|Any CPU.Build.0 = Release|Any CPU
	EndGlobalSection
	GlobalSection(SolutionProperties) = preSolution
		HideSolutionNode = FALSE
	EndGlobalSection
	GlobalSection(ExtensibilityGlobals) = postSolution
		SolutionGuid = {31D47408-4A76-4B53-AA01-9FF22EA72538}
	EndGlobalSection
EndGlobal
